
Microsoft Visual Studio Solution File, Format Version 12.00
# Visual Studio Version 16
VisualStudioVersion = 16.0.30204.135
MinimumVisualStudioVersion = 10.0.40219.1
Project("{FAE04EC0-301F-11D3-BF4B-00C04F79EFBC}") = "MVCEntityFramework2Complete", "MVCEntityFramework2Complete\MVCEntityFramework2Complete.csproj", "{75098B3E-567B-4389-82D2-27D1581463E6}"
EndProject
Global
	GlobalSection(SolutionConfigurationPlatforms) = preSolution
		Debug|Any CPU = Debug|Any CPU
		Release|Any CPU = Release|Any CPU
	EndGlobalSection
	GlobalSection(ProjectConfigurationPlatforms) = postSolution
		{75098B3E-567B-4389-82D2-27D1581463E6}.Debug|Any CPU.ActiveCfg = Debug|Any CPU
		{75098B3E-567B-4389-82D2-27D1581463E6}.Debug|Any CPU.Build.0 = Debug|Any CPU
		{75098B3E-567B-4389-82D2-27D1581463E6}.Release|Any CPU.ActiveCfg = Release|Any CPU
		{75098B3E-567B-4389-82D2-27D1581463E6}.Release|Any CPU.Build.0 = Release|Any CPU
	EndGlobalSection
	GlobalSection(SolutionProperties) = preSolution
		HideSolutionNode = FALSE
	EndGlobalSection
	GlobalSection(ExtensibilityGlobals) = postSolution
		SolutionGuid = {A252F447-E2F5-4B0E-B92B-A0408A6E78E4}
	EndGlobalSection
EndGlobal
